Microsoft Visual Studio Solution File, Format Version 12.00
# Visual Studio Version 17
VisualStudioVersion = 17.5.2.0
MinimumVisualStudioVersion = 10.0.40219.1
Project("{FAE04EC0-301F-11D3-BF4B-00C04F79EFBC}") = "Flatiron - Backup.API", "Flatiron - Backup.API.csproj", "{B4A29F8D-A8C0-09D4-7200-2BE91FE5F4D0}"
EndProject
Project("{FAE04EC0-301F-11D3-BF4B-00C04F79EFBC}") = "Flatiron.API", "Flatiron.API.csproj", "{8400B992-40CE-C502-2316-4535001AE74A}"
EndProject
Global
	GlobalSection(SolutionConfigurationPlatforms) = preSolution
		Debug|Any CPU = Debug|Any CPU
		Release|Any CPU = Release|Any CPU
	EndGlobalSection
	GlobalSection(ProjectConfigurationPlatforms) = postSolution
		{B4A29F8D-A8C0-09D4-7200-2BE91FE5F4D0}.Debug|Any CPU.ActiveCfg = Debug|Any CPU
		{B4A29F8D-A8C0-09D4-7200-2BE91FE5F4D0}.Debug|Any CPU.Build.0 = Debug|Any CPU
		{B4A29F8D-A8C0-09D4-7200-2BE91FE5F4D0}.Release|Any CPU.ActiveCfg = Release|Any CPU
		{B4A29F8D-A8C0-09D4-7200-2BE91FE5F4D0}.Release|Any CPU.Build.0 = Release|Any CPU
		{8400B992-40CE-C502-2316-4535001AE74A}.Debug|Any CPU.ActiveCfg = Debug|Any CPU
		{8400B992-40CE-C502-2316-4535001AE74A}.Debug|Any CPU.Build.0 = Debug|Any CPU
		{8400B992-40CE-C502-2316-4535001AE74A}.Release|Any CPU.ActiveCfg = Release|Any CPU
		{8400B992-40CE-C502-2316-4535001AE74A}.Release|Any CPU.Build.0 = Release|Any CPU
	EndGlobalSection
	GlobalSection(SolutionProperties) = preSolution
		HideSolutionNode = FALSE
	EndGlobalSection
	GlobalSection(ExtensibilityGlobals) = postSolution
		SolutionGuid = {EA3D4D2B-A1EB-4AE3-A938-93FC696C325D}
	EndGlobalSection
EndGlobal
